# This file is autogenerated, do not edit; changes may be undone by the next 'dep ensure'.


[[projects]]
  digest = "1:f079e7f44389c9acf27b083f065dad6ae532be19ada6c2f37aca0fa3034c82e9"
  name = "github.com/klauspost/compress"
  packages = [
    "flate",
    "gzip",
    "zlib",
  ]
  pruneopts = "UT"
  revision = "38d4ba985ac157cb858763e016645e14e74c13c4"
  version = "v1.13.6"

[[projects]]
  digest = "1:bf618941b014c2a86e4a6f39d4a26541c06fc63387fc50d4694d67eac2151f4a"
  name = "github.com/labstack/echo"
  packages = ["."]
  pruneopts = "UT"
  revision = "38772c686c76b501f94bd6cd5b77f5842e93b559"
  version = "v3.3.10"

[[projects]]
  digest = "1:9bc108827ac1d8783dea294f1ef07732fa4ca7d6e20518c04888a85828eba4ce"
  name = "github.com/labstack/gommon"
  packages = [
    "color",
    "log",
  ]
  pruneopts = "UT"
  revision = "8c098ec745a2e2f9d05aaa55feb380724e9f60a1"
  version = "v0.3.1"

[[projects]]
  digest = "1:bfd19f00967e10367aaaf4b09545873750ac3cb9762d66243e9b7954327cc113"
  name = "github.com/mattn/go-colorable"
  packages = ["."]
  pruneopts = "UT"
  revision = "e1bb79c8d53c38a60962ad4b8f658226cc983710"
  version = "v0.1.12"

[[projects]]
  digest = "1:e66bb4fe1fb8b48e9bed410b198498cef8fa6701a5e3eb0ee7f07b74153a7fbc"
  name = "github.com/mattn/go-isatty"
  packages = ["."]
  pruneopts = "UT"
  revision = "504425e14f742f1f517c4586048b49b37f829c8e"
  version = "v0.0.14"

[[projects]]
  digest = "1:c468422f334a6b46a19448ad59aaffdfc0a36b08fdcc1c749a0b29b6453d7e59"
  name = "github.com/valyala/bytebufferpool"
  packages = ["."]
  pruneopts = "UT"
  revision = "e746df99fe4a3986f4d4f79e13c1e0117ce9c2f7"
  version = "v1.0.0"

[[projects]]
  digest = "1:15ad8a80098fcc7a194b9db6b26d74072a852e4faa957848c8118193d3c69230"
  name = "github.com/valyala/fasthttp"
  packages = [
    ".",
    "fasthttputil",
    "stackless",
  ]
  pruneopts = "UT"
  revision = "e5f51c11919d4f66400334047b897ef0a94c6f3c"
  version = "v20180529"

[[projects]]
  digest = "1:d724474523928294ece8cc97e8d2371f27c7e6d3068bfa9ace93bd3105b4fdbd"
  name = "github.com/valyala/fasttemplate"
  packages = ["."]
  pruneopts = "UT"
  revision = "2275c48ed3e40f01fa347e220be31070a89b6ad4"
  version = "v1.2.1"

[[projects]]
  branch = "master"
  digest = "1:b30909689bb12fa7bb02604728c44fffac8da607c81326404e90cafb19432603"
  name = "golang.org/x/crypto"
  packages = [
    "acme",
    "acme/autocert",
  ]
  pruneopts = "UT"
  revision = "5770296d904e90f15f38f77dfc2e43fdf5efc083"

[[projects]]
  branch = "master"
  digest = "1:6bd1107fe417ce449104c2dedc302799e203cd16c9621b2f4de25b6250465ad5"
  name = "golang.org/x/net"
  packages = ["idna"]
  pruneopts = "UT"
  revision = "4852103109b8315cc317f09a5594cd879fd14184"

[[projects]]
  branch = "master"
  digest = "1:076ff19c9166681b96d03f1779230798eab069063e01a562f05b88f98fc2d5b1"
  name = "golang.org/x/sys"
  packages = [
    "internal/unsafeheader",
    "unix",
  ]
  pruneopts = "UT"
  revision = "fe61309f888157de161a48facf03d9412635cffe"

[[projects]]
  digest = "1:c9f99de7a59710d6160060a62e92e3c2899174af0b60cc8f4188eb98a5a0d1e6"
  name = "golang.org/x/text"
  packages = [
    "collate",
    "collate/build",
    "internal/colltab",
    "internal/gen",
    "internal/language",
    "internal/language/compact",
    "internal/tag",
    "internal/triegen",
    "internal/ucd",
    "language",
    "secure/bidirule",
    "transform",
    "unicode/bidi",
    "unicode/cldr",
    "unicode/norm",
    "unicode/rangetable",
  ]
  pruneopts = "UT"
  revision = "383b2e75a7a4198c42f8f87833eefb772868a56f"
  version = "v0.3.7"

[solve-meta]
  analyzer-name = "dep"
  analyzer-version = 1
  input-imports = [
    "github.com/labstack/echo",
    "github.com/valyala/fasthttp",
  ]
  solver-name = "gps-cdcl"
  solver-version = 1
